// !$*UTF8*$!
{
	archiveVersion = 1;
	classes = {
	};
	objectVersion = 55;
	objects = {

/* Begin PBXBuildFile section */
		D07EFFAD276218CE00ED4B00 /* AppDelegate.swift in Sources */ = {isa = PBXBuildFile; fileRef = D07EFFAC276218CE00ED4B00 /* AppDelegate.swift */; };
		D07EFFAF276218CE00ED4B00 /* SceneDelegate.swift in Sources */ = {isa = PBXBuildFile; fileRef = D07EFFAE276218CE00ED4B00 /* SceneDelegate.swift */; };
		D07EFFB1276218CE00ED4B00 /* ViewController.swift in Sources */ = {isa = PBXBuildFile; fileRef = D07EFFB0276218CE00ED4B00 /* ViewController.swift */; };
		D07EFFB4276218CE00ED4B00 /* Main.storyboard in Resources */ = {isa = PBXBuildFile; fileRef = D07EFFB2276218CE00ED4B00 /* Main.storyboard */; };
		D07EFFB6276218CF00ED4B00 /* Assets.xcassets in Resources */ = {isa = PBXBuildFile; fileRef = D07EFFB5276218CF00ED4B00 /* Assets.xcassets */; };
		D07EFFB9276218CF00ED4B00 /* LaunchScreen.storyboard in Resources */ = {isa = PBXBuildFile; fileRef = D07EFFB7276218CF00ED4B00 /* LaunchScreen.storyboard */; };
		D07EFFC4276218CF00ED4B00 /* Xylophone_AppTests.swift in Sources */ = {isa = PBXBuildFile; fileRef = D07EFFC3276218CF00ED4B00 /* Xylophone_AppTests.swift */; };
		D07EFFCE276218CF00ED4B00 /* Xylophone_AppUITests.swift in Sources */ = {isa = PBXBuildFile; fileRef = D07EFFCD276218CF00ED4B00 /* Xylophone_AppUITests.swift */; };
		D07EFFD0276218CF00ED4B00 /* Xylophone_AppUITestsLaunchTests.swift in Sources */ = {isa = PBXBuildFile; fileRef = D07EFFCF276218CF00ED4B00 /* Xylophone_AppUITestsLaunchTests.swift */; };
		D0E85F2E2767D66000FCAD39 /* A.wav in Resources */ = {isa = PBXBuildFile; fileRef = D0E85F272767D66000FCAD39 /* A.wav */; };
		D0E85F2F2767D66000FCAD39 /* C.wav in Resources */ = {isa = PBXBuildFile; fileRef = D0E85F282767D66000FCAD39 /* C.wav */; };
		D0E85F302767D66000FCAD39 /* B.wav in Resources */ = {isa = PBXBuildFile; fileRef = D0E85F292767D66000FCAD39 /* B.wav */; };
		D0E85F312767D66000FCAD39 /* F.wav in Resources */ = {isa = PBXBuildFile; fileRef = D0E85F2A2767D66000FCAD39 /* F.wav */; };
		D0E85F322767D66000FCAD39 /* G.wav in Resources */ = {isa = PBXBuildFile; fileRef = D0E85F2B2767D66000FCAD39 /* G.wav */; };
		D0E85F332767D66000FCAD39 /* E.wav in Resources */ = {isa = PBXBuildFile; fileRef = D0E85F2C2767D66000FCAD39 /* E.wav */; };
		D0E85F342767D66000FCAD39 /* D.wav in Resources */ = {isa = PBXBuildFile; fileRef = D0E85F2D2767D66000FCAD39 /* D.wav */; };
/* End PBXBuildFile section */

/* Begin PBXContainerItemProxy section */
		D07EFFC0276218CF00ED4B00 /* PBXContainerItemProxy */ = {
			isa = PBXContainerItemProxy;
			containerPortal = D07EFFA1276218CE00ED4B00 /* Project object */;
			proxyType = 1;
			remoteGlobalIDString = D07EFFA8276218CE00ED4B00;
			remoteInfo = "Xylophone App";
		};
		D07EFFCA276218CF00ED4B00 /* PBXContainerItemProxy */ = {
			isa = PBXContainerItemProxy;
			containerPortal = D07EFFA1276218CE00ED4B00 /* Project object */;
			proxyType = 1;
			remoteGlobalIDString = D07EFFA8276218CE00ED4B00;
			remoteInfo = "Xylophone App";
		};
/* End PBXContainerItemProxy section */

/* Begin PBXFileReference section */
		D07EFFA9276218CE00ED4B00 /* Xylophone App.app */ = {isa = PBXFileReference; explicitFileType = wrapper.application; includeInIndex = 0; path = "Xylophone App.app"; sourceTree = BUILT_PRODUCTS_DIR; };
		D07EFFAC276218CE00ED4B00 /* AppDelegate.swift */ = {isa = PBXFileReference; lastKnownFileType = sourcecode.swift; path = AppDelegate.swift; sourceTree = "<group>"; };
		D07EFFAE276218CE00ED4B00 /* SceneDelegate.swift */ = {isa = PBXFileReference; lastKnownFileType = sourcecode.swift; path = SceneDelegate.swift; sourceTree = "<group>"; };
		D07EFFB0276218CE00ED4B00 /* ViewController.swift */ = {isa = PBXFileReference; lastKnownFileType = sourcecode.swift; path = ViewController.swift; sourceTree = "<group>"; };
		D07EFFB3276218CE00ED4B00 /* Base */ = {isa = PBXFileReference; lastKnownFileType = file.storyboard; name = Base; path = Base.lproj/Main.storyboard; sourceTree = "<group>"; };
		D07EFFB5276218CF00ED4B00 /* Assets.xcassets */ = {isa = PBXFileReference; lastKnownFileType = folder.assetcatalog; path = Assets.xcassets; sourceTree = "<group>"; };
		D07EFFB8276218CF00ED4B00 /* Base */ = {isa = PBXFileReference; lastKnownFileType = file.storyboard; name = Base; path = Base.lproj/LaunchScreen.storyboard; sourceTree = "<group>"; };
		D07EFFBA276218CF00ED4B00 /* Info.plist */ = {isa = PBXFileReference; lastKnownFileType = text.plist.xml; path = Info.plist; sourceTree = "<group>"; };
		D07EFFBF276218CF00ED4B00 /* Xylophone AppTests.xctest */ = {isa = PBXFileReference; explicitFileType = wrapper.cfbundle; includeInIndex = 0; path = "Xylophone AppTests.xctest"; sourceTree = BUILT_PRODUCTS_DIR; };
		D07EFFC3276218CF00ED4B00 /* Xylophone_AppTests.swift */ = {isa = PBXFileReference; lastKnownFileType = sourcecode.swift; path = Xylophone_AppTests.swift; sourceTree = "<group>"; };
		D07EFFC9276218CF00ED4B00 /* Xylophone AppUITests.xctest */ = {isa = PBXFileReference; explicitFileType = wrapper.cfbundle; includeInIndex = 0; path = "Xylophone AppUITests.xctest"; sourceTree = BUILT_PRODUCTS_DIR; };
		D07EFFCD276218CF00ED4B00 /* Xylophone_AppUITests.swift */ = {isa = PBXFileReference; lastKnownFileType = sourcecode.swift; path = Xylophone_AppUITests.swift; sourceTree = "<group>"; };
		D07EFFCF276218CF00ED4B00 /* Xylophone_AppUITestsLaunchTests.swift */ = {isa = PBXFileReference; lastKnownFileType = sourcecode.swift; path = Xylophone_AppUITestsLaunchTests.swift; sourceTree = "<group>"; };
		D0E85F272767D66000FCAD39 /* A.wav */ = {isa = PBXFileReference; lastKnownFileType = audio.wav; path = A.wav; sourceTree = "<group>"; };
		D0E85F282767D66000FCAD39 /* C.wav */ = {isa = PBXFileReference; lastKnownFileType = audio.wav; path = C.wav; sourceTree = "<group>"; };
		D0E85F292767D66000FCAD39 /* B.wav */ = {isa = PBXFileReference; lastKnownFileType = audio.wav; path = B.wav; sourceTree = "<group>"; };
		D0E85F2A2767D66000FCAD39 /* F.wav */ = {isa = PBXFileReference; lastKnownFileType = audio.wav; path = F.wav; sourceTree = "<group>"; };
		D0E85F2B2767D66000FCAD39 /* G.wav */ = {isa = PBXFileReference; lastKnownFileType = audio.wav; path = G.wav; sourceTree = "<group>"; };
		D0E85F2C2767D66000FCAD39 /* E.wav */ = {isa = PBXFileReference; lastKnownFileType = audio.wav; path = E.wav; sourceTree = "<group>"; };
		D0E85F2D2767D66000FCAD39 /* D.wav */ = {isa = PBXFileReference; lastKnownFileType = audio.wav; path = D.wav; sourceTree = "<group>"; };
/* End PBXFileReference section */

/* Begin PBXFrameworksBuildPhase section */
		D07EFFA6276218CE00ED4B00 /* Frameworks */ = {
			isa = PBXFrameworksBuildPhase;
			buildActionMask = 2147483647;
			files = (
			);
			runOnlyForDeploymentPostprocessing = 0;
		};
		D07EFFBC276218CF00ED4B00 /* Frameworks */ = {
			isa = PBXFrameworksBuildPhase;
			buildActionMask = 2147483647;
			files = (
			);
			runOnlyForDeploymentPostprocessing = 0;
		};
		D07EFFC6276218CF00ED4B00 /* Frameworks */ = {
			isa = PBXFrameworksBuildPhase;
			buildActionMask = 2147483647;
			files = (
			);
			runOnlyForDeploymentPostprocessing = 0;
		};
/* End PBXFrameworksBuildPhase section */

/* Begin PBXGroup section */
		D07EFFA0276218CE00ED4B00 = {
			isa = PBXGroup;
			children = (
				D07EFFAB276218CE00ED4B00 /* Xylophone App */,
				D07EFFC2276218CF00ED4B00 /* Xylophone AppTests */,
				D07EFFCC276218CF00ED4B00 /* Xylophone AppUITests */,
				D07EFFAA276218CE00ED4B00 /* Products */,
			);
			sourceTree = "<group>";
		};
		D07EFFAA276218CE00ED4B00 /* Products */ = {
			isa = PBXGroup;
			children = (
				D07EFFA9276218CE00ED4B00 /* Xylophone App.app */,
				D07EFFBF276218CF00ED4B00 /* Xylophone AppTests.xctest */,
				D07EFFC9276218CF00ED4B00 /* Xylophone AppUITests.xctest */,
			);
			name = Products;
			sourceTree = "<group>";
		};
		D07EFFAB276218CE00ED4B00 /* Xylophone App */ = {
			isa = PBXGroup;
			children = (
				D07EFFAC276218CE00ED4B00 /* AppDelegate.swift */,
				D07EFFAE276218CE00ED4B00 /* SceneDelegate.swift */,
				D07EFFB0276218CE00ED4B00 /* ViewController.swift */,
				D07EFFB2276218CE00ED4B00 /* Main.storyboard */,
				D07EFFB5276218CF00ED4B00 /* Assets.xcassets */,
				D07EFFB7276218CF00ED4B00 /* LaunchScreen.storyboard */,
				D07EFFBA276218CF00ED4B00 /* Info.plist */,
				D0E85F262767D66000FCAD39 /* Sounds */,
			);
			path = "Xylophone App";
			sourceTree = "<group>";
		};
		D07EFFC2276218CF00ED4B00 /* Xylophone AppTests */ = {
			isa = PBXGroup;
			children = (
				D07EFFC3276218CF00ED4B00 /* Xylophone_AppTests.swift */,
			);
			path = "Xylophone AppTests";
			sourceTree = "<group>";
		};
		D07EFFCC276218CF00ED4B00 /* Xylophone AppUITests */ = {
			isa = PBXGroup;
			children = (
				D07EFFCD276218CF00ED4B00 /* Xylophone_AppUITests.swift */,
				D07EFFCF276218CF00ED4B00 /* Xylophone_AppUITestsLaunchTests.swift */,
			);
			path = "Xylophone AppUITests";
			sourceTree = "<group>";
		};
		D0E85F262767D66000FCAD39 /* Sounds */ = {
			isa = PBXGroup;
			children = (
				D0E85F272767D66000FCAD39 /* A.wav */,
				D0E85F282767D66000FCAD39 /* C.wav */,
				D0E85F292767D66000FCAD39 /* B.wav */,
				D0E85F2A2767D66000FCAD39 /* F.wav */,
				D0E85F2B2767D66000FCAD39 /* G.wav */,
				D0E85F2C2767D66000FCAD39 /* E.wav */,
				D0E85F2D2767D66000FCAD39 /* D.wav */,
			);
			name = Sounds;
			path = ../../../../Downloads/Sounds;
			sourceTree = "<group>";
		};
/* End PBXGroup section */

/* Begin PBXNativeTarget section */
		D07EFFA8276218CE00ED4B00 /* Xylophone App */ = {
			isa = PBXNativeTarget;
			buildConfigurationList = D07EFFD3276218CF00ED4B00 /* Build configuration list for PBXNativeTarget "Xylophone App" */;
			buildPhases = (
				D07EFFA5276218CE00ED4B00 /* Sources */,
				D07EFFA6276218CE00ED4B00 /* Frameworks */,
				D07EFFA7276218CE00ED4B00 /* Resources */,
			);
			buildRules = (
			);
			dependencies = (
			);
			name = "Xylophone App";
			productName = "Xylophone App";
			productReference = D07EFFA9276218CE00ED4B00 /* Xylophone App.app */;
			productType = "com.apple.product-type.application";
		};
		D07EFFBE276218CF00ED4B00 /* Xylophone AppTests */ = {
			isa = PBXNativeTarget;
			buildConfigurationList = D07EFFD6276218CF00ED4B00 /* Build configuration list for PBXNativeTarget "Xylophone AppTests" */;
			buildPhases = (
				D07EFFBB276218CF00ED4B00 /* Sources */,
				D07EFFBC276218CF00ED4B00 /* Frameworks */,
				D07EFFBD276218CF00ED4B00 /* Resources */,
			);
			buildRules = (
			);
			dependencies = (
				D07EFFC1276218CF00ED4B00 /* PBXTargetDependency */,
			);
			name = "Xylophone AppTests";
			productName = "Xylophone AppTests";
			productReference = D07EFFBF276218CF00ED4B00 /* Xylophone AppTests.xctest */;
			productType = "com.apple.product-type.bundle.unit-test";
		};
		D07EFFC8276218CF00ED4B00 /* Xylophone AppUITests */ = {
			isa = PBXNativeTarget;
			buildConfigurationList = D07EFFD9276218CF00ED4B00 /* Build configuration list for PBXNativeTarget "Xylophone AppUITests" */;
			buildPhases = (
				D07EFFC5276218CF00ED4B00 /* Sources */,
				D07EFFC6276218CF00ED4B00 /* Frameworks */,
				D07EFFC7276218CF00ED4B00 /* Resources */,
			);
			buildRules = (
			);
			dependencies = (
				D07EFFCB276218CF00ED4B00 /* PBXTargetDependency */,
			);
			name = "Xylophone AppUITests";
			productName = "Xylophone AppUITests";
			productReference = D07EFFC9276218CF00ED4B00 /* Xylophone AppUITests.xctest */;
			productType = "com.apple.product-type.bundle.ui-testing";
		};
/* End PBXNativeTarget section */

/* Begin PBXProject section */
		D07EFFA1276218CE00ED4B00 /* Project object */ = {
			isa = PBXProject;
			attributes = {
				BuildIndependentTargetsInParallel = 1;
				LastSwiftUpdateCheck = 1310;
				LastUpgradeCheck = 1310;
				TargetAttributes = {
					D07EFFA8276218CE00ED4B00 = {
						CreatedOnToolsVersion = 13.1;
					};
					D07EFFBE276218CF00ED4B00 = {
						CreatedOnToolsVersion = 13.1;
						TestTargetID = D07EFFA8276218CE00ED4B00;
					};
					D07EFFC8276218CF00ED4B00 = {
						CreatedOnToolsVersion = 13.1;
						TestTargetID = D07EFFA8276218CE00ED4B00;
					};
				};
			};
			buildConfigurationList = D07EFFA4276218CE00ED4B00 /* Build configuration list for PBXProject "Xylophone App" */;
			compatibilityVersion = "Xcode 13.0";
			developmentRegion = en;
			hasScannedForEncodings = 0;
			knownRegions = (
				en,
				Base,
			);
			mainGroup = D07EFFA0276218CE00ED4B00;
			productRefGroup = D07EFFAA276218CE00ED4B00 /* Products */;
			projectDirPath = "";
			projectRoot = "";
			targets = (
				D07EFFA8276218CE00ED4B00 /* Xylophone App */,
				D07EFFBE276218CF00ED4B00 /* Xylophone AppTests */,
				D07EFFC8276218CF00ED4B00 /* Xylophone AppUITests */,
			);
		};
/* End PBXProject section */

/* Begin PBXResourcesBuildPhase section */
		D07EFFA7276218CE00ED4B00 /* Resources */ = {
			isa = PBXResourcesBuildPhase;
			buildActionMask = 2147483647;
			files = (
				D0E85F322767D66000FCAD39 /* G.wav in Resources */,
				D07EFFB9276218CF00ED4B00 /* LaunchScreen.storyboard in Resources */,
				D0E85F312767D66000FCAD39 /* F.wav in Resources */,
				D07EFFB6276218CF00ED4B00 /* Assets.xcassets in Resources */,
				D0E85F2E2767D66000FCAD39 /* A.wav in Resources */,
				D0E85F302767D66000FCAD39 /* B.wav in Resources */,
				D0E85F332767D66000FCAD39 /* E.wav in Resources */,
				D0E85F342767D66000FCAD39 /* D.wav in Resources */,
				D07EFFB4276218CE00ED4B00 /* Main.storyboard in Resources */,
				D0E85F2F2767D66000FCAD39 /* C.wav in Resources */,
			);
			runOnlyForDeploymentPostprocessing = 0;
		};
		D07EFFBD276218CF00ED4B00 /* Resources */ = {
			isa = PBXResourcesBuildPhase;
			buildActionMask = 2147483647;
			files = (
			);
			runOnlyForDeploymentPostprocessing = 0;
		};
		D07EFFC7276218CF00ED4B00 /* Resources */ = {
			isa = PBXResourcesBuildPhase;
			buildActionMask = 2147483647;
			files = (
			);
			runOnlyForDeploymentPostprocessing = 0;
		};
/* End PBXResourcesBuildPhase section */

/* Begin PBXSourcesBuildPhase section */
		D07EFFA5276218CE00ED4B00 /* Sources */ = {
			isa = PBXSourcesBuildPhase;
			buildActionMask = 2147483647;
			files = (
				D07EFFB1276218CE00ED4B00 /* ViewController.swift in Sources */,
				D07EFFAD276218CE00ED4B00 /* AppDelegate.swift in Sources */,
				D07EFFAF276218CE00ED4B00 /* SceneDelegate.swift in Sources */,
			);
			runOnlyForDeploymentPostprocessing = 0;
		};
		D07EFFBB276218CF00ED4B00 /* Sources */ = {
			isa = PBXSourcesBuildPhase;
			buildActionMask = 2147483647;
			files = (
				D07EFFC4276218CF00ED4B00 /* Xylophone_AppTests.swift in Sources */,
			);
			runOnlyForDeploymentPostprocessing = 0;
		};
		D07EFFC5276218CF00ED4B00 /* Sources */ = {
			isa = PBXSourcesBuildPhase;
			buildActionMask = 2147483647;
			files = (
				D07EFFCE276218CF00ED4B00 /* Xylophone_AppUITests.swift in Sources */,
				D07EFFD0276218CF00ED4B00 /* Xylophone_AppUITestsLaunchTests.swift in Sources */,
			);
			runOnlyForDeploymentPostprocessing = 0;
		};
/* End PBXSourcesBuildPhase section */

/* Begin PBXTargetDependency section */
		D07EFFC1276218CF00ED4B00 /* PBXTargetDependency */ = {
			isa = PBXTargetDependency;
			target = D07EFFA8276218CE00ED4B00 /* Xylophone App */;
			targetProxy = D07EFFC0276218CF00ED4B00 /* PBXContainerItemProxy */;
		};
		D07EFFCB276218CF00ED4B00 /* PBXTargetDependency */ = {
			isa = PBXTargetDependency;
			target = D07EFFA8276218CE00ED4B00 /* Xylophone App */;
			targetProxy = D07EFFCA276218CF00ED4B00 /* PBXContainerItemProxy */;
		};
/* End PBXTargetDependency section */

/* Begin PBXVariantGroup section */
		D07EFFB2276218CE00ED4B00 /* Main.storyboard */ = {
			isa = PBXVariantGroup;
			children = (
				D07EFFB3276218CE00ED4B00 /* Base */,
			);
			name = Main.storyboard;
			sourceTree = "<group>";
		};
		D07EFFB7276218CF00ED4B00 /* LaunchScreen.storyboard */ = {
			isa = PBXVariantGroup;
			children = (
				D07EFFB8276218CF00ED4B00 /* Base */,
			);
			name = LaunchScreen.storyboard;
			sourceTree = "<group>";
		};
/* End PBXVariantGroup section */

/* Begin XCBuildConfiguration section */
		D07EFFD1276218CF00ED4B00 /* Debug */ = {
			isa = XCBuildConfiguration;
			buildSettings = {
				ALWAYS_SEARCH_USER_PATHS = NO;
				CLANG_ANALYZER_NONNULL = YES;
				CLANG_ANALYZER_NUMBER_OBJECT_CONVERSION = YES_AGGRESSIVE;
				CLANG_CXX_LANGUAGE_STANDARD = "gnu++17";
				CLANG_CXX_LIBRARY = "libc++";
				CLANG_ENABLE_MODULES = YES;
				CLANG_ENABLE_OBJC_ARC = YES;
				CLANG_ENABLE_OBJC_WEAK = YES;
				CLANG_WARN_BLOCK_CAPTURE_AUTORELEASING = YES;
				CLANG_WARN_BOOL_CONVERSION = YES;
				CLANG_WARN_COMMA = YES;
				CLANG_WARN_CONSTANT_CONVERSION = YES;
				CLANG_WARN_DEPRECATED_OBJC_IMPLEMENTATIONS = YES;
				CLANG_WARN_DIRECT_OBJC_ISA_USAGE = YES_ERROR;
				CLANG_WARN_DOCUMENTATION_COMMENTS = YES;
				CLANG_WARN_EMPTY_BODY = YES;
				CLANG_WARN_ENUM_CONVERSION = YES;
				CLANG_WARN_INFINITE_RECURSION = YES;
				CLANG_WARN_INT_CONVERSION = YES;
				CLANG_WARN_NON_LITERAL_NULL_CONVERSION = YES;
				CLANG_WARN_OBJC_IMPLICIT_RETAIN_SELF = YES;
				CLANG_WARN_OBJC_LITERAL_CONVERSION = YES;
				CLANG_WARN_OBJC_ROOT_CLASS = YES_ERROR;
				CLANG_WARN_QUOTED_INCLUDE_IN_FRAMEWORK_HEADER = YES;
				CLANG_WARN_RANGE_LOOP_ANALYSIS = YES;
				CLANG_WARN_STRICT_PROTOTYPES = YES;
				CLANG_WARN_SUSPICIOUS_MOVE = YES;
				CLANG_WARN_UNGUARDED_AVAILABILITY = YES_AGGRESSIVE;
				CLANG_WARN_UNREACHABLE_CODE = YES;
				CLANG_WARN__DUPLICATE_METHOD_MATCH = YES;
				COPY_PHASE_STRIP = NO;
				DEBUG_INFORMATION_FORMAT = dwarf;
				ENABLE_STRICT_OBJC_MSGSEND = YES;
				ENABLE_TESTABILITY = YES;
				GCC_C_LANGUAGE_STANDARD = gnu11;
				GCC_DYNAMIC_NO_PIC = NO;
				GCC_NO_COMMON_BLOCKS = YES;
				GCC_OPTIMIZATION_LEVEL = 0;
				GCC_PREPROCESSOR_DEFINITIONS = (
					"DEBUG=1",
					"$(inherited)",
				);
				GCC_WARN_64_TO_32_BIT_CONVERSION = YES;
				GCC_WARN_ABOUT_RETURN_TYPE = YES_ERROR;
				GCC_WARN_UNDECLARED_SELECTOR = YES;
				GCC_WARN_UNINITIALIZED_AUTOS = YES_AGGRESSIVE;
				GCC_WARN_UNUSED_FUNCTION = YES;
				GCC_WARN_UNUSED_VARIABLE = YES;
				IPHONEOS_DEPLOYMENT_TARGET = 15.0;
				MTL_ENABLE_DEBUG_INFO = INCLUDE_SOURCE;
				MTL_FAST_MATH = YES;
				ONLY_ACTIVE_ARCH = YES;
				SDKROOT = iphoneos;
				SWIFT_ACTIVE_COMPILATION_CONDITIONS = DEBUG;
				SWIFT_OPTIMIZATION_LEVEL = "-Onone";
			};
			name = Debug;
		};
		D07EFFD2276218CF00ED4B00 /* Release */ = {
			isa = XCBuildConfiguration;
			buildSettings = {
				ALWAYS_SEARCH_USER_PATHS = NO;
				CLANG_ANALYZER_NONNULL = YES;
				CLANG_ANALYZER_NUMBER_OBJECT_CONVERSION = YES_AGGRESSIVE;
				CLANG_CXX_LANGUAGE_STANDARD = "gnu++17";
				CLANG_CXX_LIBRARY = "libc++";
				CLANG_ENABLE_MODULES = YES;
				CLANG_ENABLE_OBJC_ARC = YES;
				CLANG_ENABLE_OBJC_WEAK = YES;
				CLANG_WARN_BLOCK_CAPTURE_AUTORELEASING = YES;
				CLANG_WARN_BOOL_CONVERSION = YES;
				CLANG_WARN_COMMA = YES;
				CLANG_WARN_CONSTANT_CONVERSION = YES;
				CLANG_WARN_DEPRECATED_OBJC_IMPLEMENTATIONS = YES;
				CLANG_WARN_DIRECT_OBJC_ISA_USAGE = YES_ERROR;
				CLANG_WARN_DOCUMENTATION_COMMENTS = YES;
				CLANG_WARN_EMPTY_BODY = YES;
				CLANG_WARN_ENUM_CONVERSION = YES;
				CLANG_WARN_INFINITE_RECURSION = YES;
				CLANG_WARN_INT_CONVERSION = YES;
				CLANG_WARN_NON_LITERAL_NULL_CONVERSION = YES;
				CLANG_WARN_OBJC_IMPLICIT_RETAIN_SELF = YES;
				CLANG_WARN_OBJC_LITERAL_CONVERSION = YES;
				CLANG_WARN_OBJC_ROOT_CLASS = YES_ERROR;
				CLANG_WARN_QUOTED_INCLUDE_IN_FRAMEWORK_HEADER = YES;
				CLANG_WARN_RANGE_LOOP_ANALYSIS = YES;
				CLANG_WARN_STRICT_PROTOTYPES = YES;
				CLANG_WARN_SUSPICIOUS_MOVE = YES;
				CLANG_WARN_UNGUARDED_AVAILABILITY = YES_AGGRESSIVE;
				CLANG_WARN_UNREACHABLE_CODE = YES;
				CLANG_WARN__DUPLICATE_METHOD_MATCH = YES;
				COPY_PHASE_STRIP = NO;
				DEBUG_INFORMATION_FORMAT = "dwarf-with-dsym";
				ENABLE_NS_ASSERTIONS = NO;
				ENABLE_STRICT_OBJC_MSGSEND = YES;
				GCC_C_LANGUAGE_STANDARD = gnu11;
				GCC_NO_COMMON_BLOCKS = YES;
				GCC_WARN_64_TO_32_BIT_CONVERSION = YES;
				GCC_WARN_ABOUT_RETURN_TYPE = YES_ERROR;
				GCC_WARN_UNDECLARED_SELECTOR = YES;
				GCC_WARN_UNINITIALIZED_AUTOS = YES_AGGRESSIVE;
				GCC_WARN_UNUSED_FUNCTION = YES;
				GCC_WARN_UNUSED_VARIABLE = YES;
				IPHONEOS_DEPLOYMENT_TARGET = 15.0;
				MTL_ENABLE_DEBUG_INFO = NO;
				MTL_FAST_MATH = YES;
				SDKROOT = iphoneos;
				SWIFT_COMPILATION_MODE = wholemodule;
				SWIFT_OPTIMIZATION_LEVEL = "-O";
				VALIDATE_PRODUCT = YES;
			};
			name = Release;
		};
		D07EFFD4276218CF00ED4B00 /* Debug */ = {
			isa = XCBuildConfiguration;
			buildSettings = {
				ASSETCATALOG_COMPILER_APPICON_NAME = AppIcon;
				ASSETCATALOG_COMPILER_GLOBAL_ACCENT_COLOR_NAME = AccentColor;
				CODE_SIGN_STYLE = Automatic;
				CURRENT_PROJECT_VERSION = 1;
				DEVELOPMENT_TEAM = 4ADX8QNLG7;
				GENERATE_INFOPLIST_FILE = YES;
				INFOPLIST_FILE = "Xylophone App/Info.plist";
				INFOPLIST_KEY_UIApplicationSupportsIndirectInputEvents = YES;
				INFOPLIST_KEY_UILaunchStoryboardName = LaunchScreen;
				INFOPLIST_KEY_UIMainStoryboardFile = Main;
				INFOPLIST_KEY_UISupportedInterfaceOrientations_iPad = "UIInterfaceOrientationPortrait UIInterfaceOrientationPortraitUpsideDown UIInterfaceOrientationLandscapeLeft UIInterfaceOrientationLandscapeRight";
				INFOPLIST_KEY_UISupportedInterfaceOrientations_iPhone = "UIInterfaceOrientationPortrait UIInterfaceOrientationLandscapeLeft UIInterfaceOrientationLandscapeRight";
				LD_RUNPATH_SEARCH_PATHS = (
					"$(inherited)",
					"@executable_path/Frameworks",
				);
				MARKETING_VERSION = 1.0;
				PRODUCT_BUNDLE_IDENTIFIER = "com.damlacim.Xylophone-App";
				PRODUCT_NAME = "$(TARGET_NAME)";
				SWIFT_EMIT_LOC_STRINGS = YES;
				SWIFT_VERSION = 5.0;
				TARGETED_DEVICE_FAMILY = "1,2";
			};
			name = Debug;
		};
		D07EFFD5276218CF00ED4B00 /* Release */ = {
			isa = XCBuildConfiguration;
			buildSettings = {
				ASSETCATALOG_COMPILER_APPICON_NAME = AppIcon;
				ASSETCATALOG_COMPILER_GLOBAL_ACCENT_COLOR_NAME = AccentColor;
				CODE_SIGN_STYLE = Automatic;
				CURRENT_PROJECT_VERSION = 1;
				DEVELOPMENT_TEAM = 4ADX8QNLG7;
				GENERATE_INFOPLIST_FILE = YES;
				INFOPLIST_FILE = "Xylophone App/Info.plist";
				INFOPLIST_KEY_UIApplicationSupportsIndirectInputEvents = YES;
				INFOPLIST_KEY_UILaunchStoryboardName = LaunchScreen;
				INFOPLIST_KEY_UIMainStoryboardFile = Main;
				INFOPLIST_KEY_UISupportedInterfaceOrientations_iPad = "UIInterfaceOrientationPortrait UIInterfaceOrientationPortraitUpsideDown UIInterfaceOrientationLandscapeLeft UIInterfaceOrientationLandscapeRight";
				INFOPLIST_KEY_UISupportedInterfaceOrientations_iPhone = "UIInterfaceOrientationPortrait UIInterfaceOrientationLandscapeLeft UIInterfaceOrientationLandscapeRight";
				LD_RUNPATH_SEARCH_PATHS = (
					"$(inherited)",
					"@executable_path/Frameworks",
				);
				MARKETING_VERSION = 1.0;
				PRODUCT_BUNDLE_IDENTIFIER = "com.damlacim.Xylophone-App";
				PRODUCT_NAME = "$(TARGET_NAME)";
				SWIFT_EMIT_LOC_STRINGS = YES;
				SWIFT_VERSION = 5.0;
				TARGETED_DEVICE_FAMILY = "1,2";
			};
			name = Release;
		};
		D07EFFD7276218CF00ED4B00 /* Debug */ = {
			isa = XCBuildConfiguration;
			buildSettings = {
				ALWAYS_EMBED_SWIFT_STANDARD_LIBRARIES = YES;
				BUNDLE_LOADER = "$(TEST_HOST)";
				CODE_SIGN_STYLE = Automatic;
				CURRENT_PROJECT_VERSION = 1;
				DEVELOPMENT_TEAM = 4ADX8QNLG7;
				GENERATE_INFOPLIST_FILE = YES;
				IPHONEOS_DEPLOYMENT_TARGET = 15.0;
				LD_RUNPATH_SEARCH_PATHS = (
					"$(inherited)",
					"@executable_path/Frameworks",
					"@loader_path/Frameworks",
				);
				MARKETING_VERSION = 1.0;
				PRODUCT_BUNDLE_IDENTIFIER = "com.damlacim.Xylophone-AppTests";
				PRODUCT_NAME = "$(TARGET_NAME)";
				SWIFT_EMIT_LOC_STRINGS = NO;
				SWIFT_VERSION = 5.0;
				TARGETED_DEVICE_FAMILY = "1,2";
				TEST_HOST = "$(BUILT_PRODUCTS_DIR)/Xylophone App.app/Xylophone App";
			};
			name = Debug;
		};
		D07EFFD8276218CF00ED4B00 /* Release */ = {
			isa = XCBuildConfiguration;
			buildSettings = {
				ALWAYS_EMBED_SWIFT_STANDARD_LIBRARIES = YES;
				BUNDLE_LOADER = "$(TEST_HOST)";
				CODE_SIGN_STYLE = Automatic;
				CURRENT_PROJECT_VERSION = 1;
				DEVELOPMENT_TEAM = 4ADX8QNLG7;
				GENERATE_INFOPLIST_FILE = YES;
				IPHONEOS_DEPLOYMENT_TARGET = 15.0;
				LD_RUNPATH_SEARCH_PATHS = (
					"$(inherited)",
					"@executable_path/Frameworks",
					"@loader_path/Frameworks",
				);
				MARKETING_VERSION = 1.0;
				PRODUCT_BUNDLE_IDENTIFIER = "com.damlacim.Xylophone-AppTests";
				PRODUCT_NAME = "$(TARGET_NAME)";
				SWIFT_EMIT_LOC_STRINGS = NO;
				SWIFT_VERSION = 5.0;
				TARGETED_DEVICE_FAMILY = "1,2";
				TEST_HOST = "$(BUILT_PRODUCTS_DIR)/Xylophone App.app/Xylophone App";
			};
			name = Release;
		};
		D07EFFDA276218CF00ED4B00 /* Debug */ = {
			isa = XCBuildConfiguration;
			buildSettings = {
				ALWAYS_EMBED_SWIFT_STANDARD_LIBRARIES = YES;
				CODE_SIGN_STYLE = Automatic;
				CURRENT_PROJECT_VERSION = 1;
				DEVELOPMENT_TEAM = 4ADX8QNLG7;
				GENERATE_INFOPLIST_FILE = YES;
				LD_RUNPATH_SEARCH_PATHS = (
					"$(inherited)",
					"@executable_path/Frameworks",
					"@loader_path/Frameworks",
				);
				MARKETING_VERSION = 1.0;
				PRODUCT_BUNDLE_IDENTIFIER = "com.damlacim.Xylophone-AppUITests";
				PRODUCT_NAME = "$(TARGET_NAME)";
				SWIFT_EMIT_LOC_STRINGS = NO;
				SWIFT_VERSION = 5.0;
				TARGETED_DEVICE_FAMILY = "1,2";
				TEST_TARGET_NAME = "Xylophone App";
			};
			name = Debug;
		};
		D07EFFDB276218CF00ED4B00 /* Release */ = {
			isa = XCBuildConfiguration;
			buildSettings = {
				ALWAYS_EMBED_SWIFT_STANDARD_LIBRARIES = YES;
				CODE_SIGN_STYLE = Automatic;
				CURRENT_PROJECT_VERSION = 1;
				DEVELOPMENT_TEAM = 4ADX8QNLG7;
				GENERATE_INFOPLIST_FILE = YES;
				LD_RUNPATH_SEARCH_PATHS = (
					"$(inherited)",
					"@executable_path/Frameworks",
					"@loader_path/Frameworks",
				);
				MARKETING_VERSION = 1.0;
				PRODUCT_BUNDLE_IDENTIFIER = "com.damlacim.Xylophone-AppUITests";
				PRODUCT_NAME = "$(TARGET_NAME)";
				SWIFT_EMIT_LOC_STRINGS = NO;
				SWIFT_VERSION = 5.0;
				TARGETED_DEVICE_FAMILY = "1,2";
				TEST_TARGET_NAME = "Xylophone App";
			};
			name = Release;
		};
/* End XCBuildConfiguration section */

/* Begin XCConfigurationList section */
		D07EFFA4276218CE00ED4B00 /* Build configuration list for PBXProject "Xylophone App" */ = {
			isa = XCConfigurationList;
			buildConfigurations = (
				D07EFFD1276218CF00ED4B00 /* Debug */,
				D07EFFD2276218CF00ED4B00 /* Release */,
			);
			defaultConfigurationIsVisible = 0;
			defaultConfigurationName = Release;
		};
		D07EFFD3276218CF00ED4B00 /* Build configuration list for PBXNativeTarget "Xylophone App" */ = {
			isa = XCConfigurationList;
			buildConfigurations = (
				D07EFFD4276218CF00ED4B00 /* Debug */,
				D07EFFD5276218CF00ED4B00 /* Release */,
			);
			defaultConfigurationIsVisible = 0;
			defaultConfigurationName = Release;
		};
		D07EFFD6276218CF00ED4B00 /* Build configuration list for PBXNativeTarget "Xylophone AppTests" */ = {
			isa = XCConfigurationList;
			buildConfigurations = (
				D07EFFD7276218CF00ED4B00 /* Debug */,
				D07EFFD8276218CF00ED4B00 /* Release */,
			);
			defaultConfigurationIsVisible = 0;
			defaultConfigurationName = Release;
		};
		D07EFFD9276218CF00ED4B00 /* Build configuration list for PBXNativeTarget "Xylophone AppUITests" */ = {
			isa = XCConfigurationList;
			buildConfigurations = (
				D07EFFDA276218CF00ED4B00 /* Debug */,
				D07EFFDB276218CF00ED4B00 /* Release */,
			);
			defaultConfigurationIsVisible = 0;
			defaultConfigurationName = Release;
		};
/* End XCConfigurationList section */
	};
	rootObject = D07EFFA1276218CE00ED4B00 /* Project object */;
}
